
Microsoft Visual Studio Solution File, Format Version 12.00
# Visual Studio 14
VisualStudioVersion = 14.0.25420.1
MinimumVisualStudioVersion = 10.0.40219.1
Project("{FAE04EC0-301F-11D3-BF4B-00C04F79EFBC}") = "WcfFacturacion", "WcfFacturacion\WcfFacturacion.csproj", "{48658101-EAED-4F6A-A8C8-8744C955E5C1}"
EndProject
Project("{FAE04EC0-301F-11D3-BF4B-00C04F79EFBC}") = "CADFacturacion", "CADFacturacion\CADFacturacion.csproj", "{8912A60E-A963-4CCD-8F7C-070D008227D9}"
EndProject
Project("{FAE04EC0-301F-11D3-BF4B-00C04F79EFBC}") = "WcfFacturacioClienteWindows", "WcfFacturacioClienteWindows\WcfFacturacioClienteWindows.csproj", "{3869F99B-7080-4228-8AA1-2A3365ABA949}"
	ProjectSection(ProjectDependencies) = postProject
		{48658101-EAED-4F6A-A8C8-8744C955E5C1} = {48658101-EAED-4F6A-A8C8-8744C955E5C1}
	EndProjectSection
EndProject
Global
	GlobalSection(SolutionConfigurationPlatforms) = preSolution
		Debug|Any CPU = Debug|Any CPU
		Release|Any CPU = Release|Any CPU
	EndGlobalSection
	GlobalSection(ProjectConfigurationPlatforms) = postSolution
		{48658101-EAED-4F6A-A8C8-8744C955E5C1}.Debug|Any CPU.ActiveCfg = Debug|Any CPU
		{48658101-EAED-4F6A-A8C8-8744C955E5C1}.Debug|Any CPU.Build.0 = Debug|Any CPU
		{48658101-EAED-4F6A-A8C8-8744C955E5C1}.Release|Any CPU.ActiveCfg = Release|Any CPU
		{48658101-EAED-4F6A-A8C8-8744C955E5C1}.Release|Any CPU.Build.0 = Release|Any CPU
		{8912A60E-A963-4CCD-8F7C-070D008227D9}.Debug|Any CPU.ActiveCfg = Debug|Any CPU
		{8912A60E-A963-4CCD-8F7C-070D008227D9}.Debug|Any CPU.Build.0 = Debug|Any CPU
		{8912A60E-A963-4CCD-8F7C-070D008227D9}.Release|Any CPU.ActiveCfg = Release|Any CPU
		{8912A60E-A963-4CCD-8F7C-070D008227D9}.Release|Any CPU.Build.0 = Release|Any CPU
		{3869F99B-7080-4228-8AA1-2A3365ABA949}.Debug|Any CPU.ActiveCfg = Debug|Any CPU
		{3869F99B-7080-4228-8AA1-2A3365ABA949}.Debug|Any CPU.Build.0 = Debug|Any CPU
		{3869F99B-7080-4228-8AA1-2A3365ABA949}.Release|Any CPU.ActiveCfg = Release|Any CPU
		{3869F99B-7080-4228-8AA1-2A3365ABA949}.Release|Any CPU.Build.0 = Release|Any CPU
	EndGlobalSection
	GlobalSection(SolutionProperties) = preSolution
		HideSolutionNode = FALSE
	EndGlobalSection
EndGlobal
